
Microsoft Visual Studio Solution File, Format Version 12.00
# Visual Studio Version 17
VisualStudioVersion = 17.5.33516.290
MinimumVisualStudioVersion = 10.0.40219.1
Project("{D954291E-2A0B-460D-934E-DC6B0785DB48}") = "UnoAppX.Shared", "UnoAppX\UnoAppX.Shared\UnoAppX.Shared.shproj", "{6279C845-92F8-4333-AB99-3D213163593C}"
EndProject
Project("{FAE04EC0-301F-11D3-BF4B-00C04F79EFBC}") = "UnoAppX.Droid", "UnoAppX\UnoAppX.Droid\UnoAppX.Droid.csproj", "{0211F38E-75DE-4C2E-8F3A-D5B2117C6C0E}"
EndProject
Project("{FAE04EC0-301F-11D3-BF4B-00C04F79EFBC}") = "UnoAppX.iOS", "UnoAppX\UnoAppX.iOS\UnoAppX.iOS.csproj", "{D79F761E-A5F7-4A67-B52D-53F12D1BAD1C}"
EndProject
Project("{FAE04EC0-301F-11D3-BF4B-00C04F79EFBC}") = "UnoAppX.Uwp", "UnoAppX\UnoAppX.UWP\UnoAppX.Uwp.csproj", "{EE245E16-91F2-4D80-B4E0-887A5B05FC53}"
EndProject
Project("{FAE04EC0-301F-11D3-BF4B-00C04F79EFBC}") = "UnoAppX.macOS", "UnoAppX\UnoAppX.macOS\UnoAppX.macOS.csproj", "{1A6FF272-5B1F-4ECE-AC8C-08E7F76A7728}"
EndProject
Project("{FAE04EC0-301F-11D3-BF4B-00C04F79EFBC}") = "UnoAppX.Skia.Gtk", "UnoAppX\UnoAppX.Skia.Gtk\UnoAppX.Skia.Gtk.csproj", "{E3C064DA-74A9-459B-87F3-84EB672637C9}"
EndProject
Project("{FAE04EC0-301F-11D3-BF4B-00C04F79EFBC}") = "UnoAppX.Skia.Wpf", "UnoAppX\UnoAppX.Skia.WPF\UnoAppX.Skia.Wpf.csproj", "{7F076536-E771-478C-9E96-8BC7617C5228}"
EndProject
Project("{FAE04EC0-301F-11D3-BF4B-00C04F79EFBC}") = "UnoAppX.Skia.Wpf.Host", "UnoAppX\UnoAppX.Skia.WPF.Host\UnoAppX.Skia.Wpf.Host.csproj", "{0873493C-C35E-42AC-A752-BD4D6DB7D66E}"
EndProject
Project("{FAE04EC0-301F-11D3-BF4B-00C04F79EFBC}") = "UnoAppX.Skia.Tizen", "UnoAppX\UnoAppX.Skia.Tizen\UnoAppX.Skia.Tizen.csproj", "{56178D3B-1006-4C0C-B79C-B25EB0708FF1}"
EndProject
Project("{FAE04EC0-301F-11D3-BF4B-00C04F79EFBC}") = "UnoAppX.Skia.Linux.FrameBuffer", "UnoAppX\UnoAppX.Skia.Linux.FrameBuffer\UnoAppX.Skia.Linux.FrameBuffer.csproj", "{21E76A15-7436-4436-9DA8-91A4D64F0D4C}"
EndProject
Global
	GlobalSection(SolutionConfigurationPlatforms) = preSolution
		Ad-Hoc|Any CPU = Ad-Hoc|Any CPU
		Ad-Hoc|ARM = Ad-Hoc|ARM
		Ad-Hoc|ARM64 = Ad-Hoc|ARM64
		Ad-Hoc|iPhone = Ad-Hoc|iPhone
		Ad-Hoc|iPhoneSimulator = Ad-Hoc|iPhoneSimulator
		Ad-Hoc|x64 = Ad-Hoc|x64
		Ad-Hoc|x86 = Ad-Hoc|x86
		AppStore|Any CPU = AppStore|Any CPU
		AppStore|ARM = AppStore|ARM
		AppStore|ARM64 = AppStore|ARM64
		AppStore|iPhone = AppStore|iPhone
		AppStore|iPhoneSimulator = AppStore|iPhoneSimulator
		AppStore|x64 = AppStore|x64
		AppStore|x86 = AppStore|x86
		Debug|Any CPU = Debug|Any CPU
		Debug|ARM = Debug|ARM
		Debug|ARM64 = Debug|ARM64
		Debug|iPhone = Debug|iPhone
		Debug|iPhoneSimulator = Debug|iPhoneSimulator
		Debug|x64 = Debug|x64
		Debug|x86 = Debug|x86
		Release|Any CPU = Release|Any CPU
		Release|ARM = Release|ARM
		Release|ARM64 = Release|ARM64
		Release|iPhone = Release|iPhone
		Release|iPhoneSimulator = Release|iPhoneSimulator
		Release|x64 = Release|x64
		Release|x86 = Release|x86
	EndGlobalSection
	GlobalSection(ProjectConfigurationPlatforms) = postSolution
		{0211F38E-75DE-4C2E-8F3A-D5B2117C6C0E}.Ad-Hoc|Any CPU.ActiveCfg = Debug|Any CPU
		{0211F38E-75DE-4C2E-8F3A-D5B2117C6C0E}.Ad-Hoc|Any CPU.Build.0 = Debug|Any CPU
		{0211F38E-75DE-4C2E-8F3A-D5B2117C6C0E}.Ad-Hoc|Any CPU.Deploy.0 = Debug|Any CPU
		{0211F38E-75DE-4C2E-8F3A-D5B2117C6C0E}.Ad-Hoc|ARM.ActiveCfg = Debug|Any CPU
		{0211F38E-75DE-4C2E-8F3A-D5B2117C6C0E}.Ad-Hoc|ARM.Build.0 = Debug|Any CPU
		{0211F38E-75DE-4C2E-8F3A-D5B2117C6C0E}.Ad-Hoc|ARM.Deploy.0 = Debug|Any CPU
		{0211F38E-75DE-4C2E-8F3A-D5B2117C6C0E}.Ad-Hoc|ARM64.ActiveCfg = Debug|Any CPU
		{0211F38E-75DE-4C2E-8F3A-D5B2117C6C0E}.Ad-Hoc|ARM64.Build.0 = Debug|Any CPU
		{0211F38E-75DE-4C2E-8F3A-D5B2117C6C0E}.Ad-Hoc|ARM64.Deploy.0 = Debug|Any CPU
		{0211F38E-75DE-4C2E-8F3A-D5B2117C6C0E}.Ad-Hoc|iPhone.ActiveCfg = Debug|Any CPU
		{0211F38E-75DE-4C2E-8F3A-D5B2117C6C0E}.Ad-Hoc|iPhone.Build.0 = Debug|Any CPU
		{0211F38E-75DE-4C2E-8F3A-D5B2117C6C0E}.Ad-Hoc|iPhone.Deploy.0 = Debug|Any CPU
		{0211F38E-75DE-4C2E-8F3A-D5B2117C6C0E}.Ad-Hoc|iPhoneSimulator.ActiveCfg = Debug|Any CPU
		{0211F38E-75DE-4C2E-8F3A-D5B2117C6C0E}.Ad-Hoc|iPhoneSimulator.Build.0 = Debug|Any CPU
		{0211F38E-75DE-4C2E-8F3A-D5B2117C6C0E}.Ad-Hoc|iPhoneSimulator.Deploy.0 = Debug|Any CPU
		{0211F38E-75DE-4C2E-8F3A-D5B2117C6C0E}.Ad-Hoc|x64.ActiveCfg = Debug|Any CPU
		{0211F38E-75DE-4C2E-8F3A-D5B2117C6C0E}.Ad-Hoc|x64.Build.0 = Debug|Any CPU
		{0211F38E-75DE-4C2E-8F3A-D5B2117C6C0E}.Ad-Hoc|x64.Deploy.0 = Debug|Any CPU
		{0211F38E-75DE-4C2E-8F3A-D5B2117C6C0E}.Ad-Hoc|x86.ActiveCfg = Debug|Any CPU
		{0211F38E-75DE-4C2E-8F3A-D5B2117C6C0E}.Ad-Hoc|x86.Build.0 = Debug|Any CPU
		{0211F38E-75DE-4C2E-8F3A-D5B2117C6C0E}.Ad-Hoc|x86.Deploy.0 = Debug|Any CPU
		{0211F38E-75DE-4C2E-8F3A-D5B2117C6C0E}.AppStore|Any CPU.ActiveCfg = Debug|Any CPU
		{0211F38E-75DE-4C2E-8F3A-D5B2117C6C0E}.AppStore|Any CPU.Build.0 = Debug|Any CPU
		{0211F38E-75DE-4C2E-8F3A-D5B2117C6C0E}.AppStore|Any CPU.Deploy.0 = Debug|Any CPU
		{0211F38E-75DE-4C2E-8F3A-D5B2117C6C0E}.AppStore|ARM.ActiveCfg = Debug|Any CPU
		{0211F38E-75DE-4C2E-8F3A-D5B2117C6C0E}.AppStore|ARM.Build.0 = Debug|Any CPU
		{0211F38E-75DE-4C2E-8F3A-D5B2117C6C0E}.AppStore|ARM.Deploy.0 = Debug|Any CPU
		{0211F38E-75DE-4C2E-8F3A-D5B2117C6C0E}.AppStore|ARM64.ActiveCfg = Debug|Any CPU
		{0211F38E-75DE-4C2E-8F3A-D5B2117C6C0E}.AppStore|ARM64.Build.0 = Debug|Any CPU
		{0211F38E-75DE-4C2E-8F3A-D5B2117C6C0E}.AppStore|ARM64.Deploy.0 = Debug|Any CPU
		{0211F38E-75DE-4C2E-8F3A-D5B2117C6C0E}.AppStore|iPhone.ActiveCfg = Debug|Any CPU
		{0211F38E-75DE-4C2E-8F3A-D5B2117C6C0E}.AppStore|iPhone.Build.0 = Debug|Any CPU
		{0211F38E-75DE-4C2E-8F3A-D5B2117C6C0E}.AppStore|iPhone.Deploy.0 = Debug|Any CPU
		{0211F38E-75DE-4C2E-8F3A-D5B2117C6C0E}.AppStore|iPhoneSimulator.ActiveCfg = Debug|Any CPU
		{0211F38E-75DE-4C2E-8F3A-D5B2117C6C0E}.AppStore|iPhoneSimulator.Build.0 = Debug|Any CPU
		{0211F38E-75DE-4C2E-8F3A-D5B2117C6C0E}.AppStore|iPhoneSimulator.Deploy.0 = Debug|Any CPU
		{0211F38E-75DE-4C2E-8F3A-D5B2117C6C0E}.AppStore|x64.ActiveCfg = Debug|Any CPU
		{0211F38E-75DE-4C2E-8F3A-D5B2117C6C0E}.AppStore|x64.Build.0 = Debug|Any CPU
		{0211F38E-75DE-4C2E-8F3A-D5B2117C6C0E}.AppStore|x64.Deploy.0 = Debug|Any CPU
		{0211F38E-75DE-4C2E-8F3A-D5B2117C6C0E}.AppStore|x86.ActiveCfg = Debug|Any CPU
		{0211F38E-75DE-4C2E-8F3A-D5B2117C6C0E}.AppStore|x86.Build.0 = Debug|Any CPU
		{0211F38E-75DE-4C2E-8F3A-D5B2117C6C0E}.AppStore|x86.Deploy.0 = Debug|Any CPU
		{0211F38E-75DE-4C2E-8F3A-D5B2117C6C0E}.Debug|Any CPU.ActiveCfg = Debug|Any CPU
		{0211F38E-75DE-4C2E-8F3A-D5B2117C6C0E}.Debug|Any CPU.Build.0 = Debug|Any CPU
		{0211F38E-75DE-4C2E-8F3A-D5B2117C6C0E}.Debug|Any CPU.Deploy.0 = Debug|Any CPU
		{0211F38E-75DE-4C2E-8F3A-D5B2117C6C0E}.Debug|ARM.ActiveCfg = Debug|Any CPU
		{0211F38E-75DE-4C2E-8F3A-D5B2117C6C0E}.Debug|ARM.Build.0 = Debug|Any CPU
		{0211F38E-75DE-4C2E-8F3A-D5B2117C6C0E}.Debug|ARM.Deploy.0 = Debug|Any CPU
		{0211F38E-75DE-4C2E-8F3A-D5B2117C6C0E}.Debug|ARM64.ActiveCfg = Debug|Any CPU
		{0211F38E-75DE-4C2E-8F3A-D5B2117C6C0E}.Debug|ARM64.Build.0 = Debug|Any CPU
		{0211F38E-75DE-4C2E-8F3A-D5B2117C6C0E}.Debug|ARM64.Deploy.0 = Debug|Any CPU
		{0211F38E-75DE-4C2E-8F3A-D5B2117C6C0E}.Debug|iPhone.ActiveCfg = Debug|Any CPU
		{0211F38E-75DE-4C2E-8F3A-D5B2117C6C0E}.Debug|iPhone.Build.0 = Debug|Any CPU
		{0211F38E-75DE-4C2E-8F3A-D5B2117C6C0E}.Debug|iPhone.Deploy.0 = Debug|Any CPU
		{0211F38E-75DE-4C2E-8F3A-D5B2117C6C0E}.Debug|iPhoneSimulator.ActiveCfg = Debug|Any CPU
		{0211F38E-75DE-4C2E-8F3A-D5B2117C6C0E}.Debug|iPhoneSimulator.Build.0 = Debug|Any CPU
		{0211F38E-75DE-4C2E-8F3A-D5B2117C6C0E}.Debug|iPhoneSimulator.Deploy.0 = Debug|Any CPU
		{0211F38E-75DE-4C2E-8F3A-D5B2117C6C0E}.Debug|x64.ActiveCfg = Debug|Any CPU
		{0211F38E-75DE-4C2E-8F3A-D5B2117C6C0E}.Debug|x64.Build.0 = Debug|Any CPU
		{0211F38E-75DE-4C2E-8F3A-D5B2117C6C0E}.Debug|x64.Deploy.0 = Debug|Any CPU
		{0211F38E-75DE-4C2E-8F3A-D5B2117C6C0E}.Debug|x86.ActiveCfg = Debug|Any CPU
		{0211F38E-75DE-4C2E-8F3A-D5B2117C6C0E}.Debug|x86.Build.0 = Debug|Any CPU
		{0211F38E-75DE-4C2E-8F3A-D5B2117C6C0E}.Debug|x86.Deploy.0 = Debug|Any CPU
		{0211F38E-75DE-4C2E-8F3A-D5B2117C6C0E}.Release|Any CPU.ActiveCfg = Release|Any CPU
		{0211F38E-75DE-4C2E-8F3A-D5B2117C6C0E}.Release|Any CPU.Build.0 = Release|Any CPU
		{0211F38E-75DE-4C2E-8F3A-D5B2117C6C0E}.Release|Any CPU.Deploy.0 = Release|Any CPU
		{0211F38E-75DE-4C2E-8F3A-D5B2117C6C0E}.Release|ARM.ActiveCfg = Release|Any CPU
		{0211F38E-75DE-4C2E-8F3A-D5B2117C6C0E}.Release|ARM.Build.0 = Release|Any CPU
		{0211F38E-75DE-4C2E-8F3A-D5B2117C6C0E}.Release|ARM.Deploy.0 = Release|Any CPU
		{0211F38E-75DE-4C2E-8F3A-D5B2117C6C0E}.Release|ARM64.ActiveCfg = Release|Any CPU
		{0211F38E-75DE-4C2E-8F3A-D5B2117C6C0E}.Release|ARM64.Build.0 = Release|Any CPU
		{0211F38E-75DE-4C2E-8F3A-D5B2117C6C0E}.Release|ARM64.Deploy.0 = Release|Any CPU
		{0211F38E-75DE-4C2E-8F3A-D5B2117C6C0E}.Release|iPhone.ActiveCfg = Release|Any CPU
		{0211F38E-75DE-4C2E-8F3A-D5B2117C6C0E}.Release|iPhone.Build.0 = Release|Any CPU
		{0211F38E-75DE-4C2E-8F3A-D5B2117C6C0E}.Release|iPhone.Deploy.0 = Release|Any CPU
		{0211F38E-75DE-4C2E-8F3A-D5B2117C6C0E}.Release|iPhoneSimulator.ActiveCfg = Release|Any CPU
		{0211F38E-75DE-4C2E-8F3A-D5B2117C6C0E}.Release|iPhoneSimulator.Build.0 = Release|Any CPU
		{0211F38E-75DE-4C2E-8F3A-D5B2117C6C0E}.Release|iPhoneSimulator.Deploy.0 = Release|Any CPU
		{0211F38E-75DE-4C2E-8F3A-D5B2117C6C0E}.Release|x64.ActiveCfg = Release|Any CPU
		{0211F38E-75DE-4C2E-8F3A-D5B2117C6C0E}.Release|x64.Build.0 = Release|Any CPU
		{0211F38E-75DE-4C2E-8F3A-D5B2117C6C0E}.Release|x64.Deploy.0 = Release|Any CPU
		{0211F38E-75DE-4C2E-8F3A-D5B2117C6C0E}.Release|x86.ActiveCfg = Release|Any CPU
		{0211F38E-75DE-4C2E-8F3A-D5B2117C6C0E}.Release|x86.Build.0 = Release|Any CPU
		{0211F38E-75DE-4C2E-8F3A-D5B2117C6C0E}.Release|x86.Deploy.0 = Release|Any CPU
		{D79F761E-A5F7-4A67-B52D-53F12D1BAD1C}.Ad-Hoc|Any CPU.ActiveCfg = Ad-Hoc|iPhoneSimulator
		{D79F761E-A5F7-4A67-B52D-53F12D1BAD1C}.Ad-Hoc|Any CPU.Build.0 = Ad-Hoc|iPhoneSimulator
		{D79F761E-A5F7-4A67-B52D-53F12D1BAD1C}.Ad-Hoc|ARM.ActiveCfg = Ad-Hoc|iPhoneSimulator
		{D79F761E-A5F7-4A67-B52D-53F12D1BAD1C}.Ad-Hoc|ARM.Build.0 = Ad-Hoc|iPhoneSimulator
		{D79F761E-A5F7-4A67-B52D-53F12D1BAD1C}.Ad-Hoc|ARM64.ActiveCfg = Ad-Hoc|iPhoneSimulator
		{D79F761E-A5F7-4A67-B52D-53F12D1BAD1C}.Ad-Hoc|ARM64.Build.0 = Ad-Hoc|iPhoneSimulator
		{D79F761E-A5F7-4A67-B52D-53F12D1BAD1C}.Ad-Hoc|iPhone.ActiveCfg = Ad-Hoc|iPhone
		{D79F761E-A5F7-4A67-B52D-53F12D1BAD1C}.Ad-Hoc|iPhone.Build.0 = Ad-Hoc|iPhone
		{D79F761E-A5F7-4A67-B52D-53F12D1BAD1C}.Ad-Hoc|iPhoneSimulator.ActiveCfg = Ad-Hoc|iPhoneSimulator
		{D79F761E-A5F7-4A67-B52D-53F12D1BAD1C}.Ad-Hoc|iPhoneSimulator.Build.0 = Ad-Hoc|iPhoneSimulator
		{D79F761E-A5F7-4A67-B52D-53F12D1BAD1C}.Ad-Hoc|x64.ActiveCfg = Ad-Hoc|iPhoneSimulator
		{D79F761E-A5F7-4A67-B52D-53F12D1BAD1C}.Ad-Hoc|x64.Build.0 = Ad-Hoc|iPhoneSimulator
		{D79F761E-A5F7-4A67-B52D-53F12D1BAD1C}.Ad-Hoc|x86.ActiveCfg = Ad-Hoc|iPhoneSimulator
		{D79F761E-A5F7-4A67-B52D-53F12D1BAD1C}.Ad-Hoc|x86.Build.0 = Ad-Hoc|iPhoneSimulator
		{D79F761E-A5F7-4A67-B52D-53F12D1BAD1C}.AppStore|Any CPU.ActiveCfg = AppStore|iPhoneSimulator
		{D79F761E-A5F7-4A67-B52D-53F12D1BAD1C}.AppStore|Any CPU.Build.0 = AppStore|iPhoneSimulator
		{D79F761E-A5F7-4A67-B52D-53F12D1BAD1C}.AppStore|ARM.ActiveCfg = AppStore|iPhoneSimulator
		{D79F761E-A5F7-4A67-B52D-53F12D1BAD1C}.AppStore|ARM.Build.0 = AppStore|iPhoneSimulator
		{D79F761E-A5F7-4A67-B52D-53F12D1BAD1C}.AppStore|ARM64.ActiveCfg = AppStore|iPhoneSimulator
		{D79F761E-A5F7-4A67-B52D-53F12D1BAD1C}.AppStore|ARM64.Build.0 = AppStore|iPhoneSimulator
		{D79F761E-A5F7-4A67-B52D-53F12D1BAD1C}.AppStore|iPhone.ActiveCfg = AppStore|iPhone
		{D79F761E-A5F7-4A67-B52D-53F12D1BAD1C}.AppStore|iPhone.Build.0 = AppStore|iPhone
		{D79F761E-A5F7-4A67-B52D-53F12D1BAD1C}.AppStore|iPhoneSimulator.ActiveCfg = AppStore|iPhoneSimulator
		{D79F761E-A5F7-4A67-B52D-53F12D1BAD1C}.AppStore|iPhoneSimulator.Build.0 = AppStore|iPhoneSimulator
		{D79F761E-A5F7-4A67-B52D-53F12D1BAD1C}.AppStore|x64.ActiveCfg = AppStore|iPhoneSimulator
		{D79F761E-A5F7-4A67-B52D-53F12D1BAD1C}.AppStore|x64.Build.0 = AppStore|iPhoneSimulator
		{D79F761E-A5F7-4A67-B52D-53F12D1BAD1C}.AppStore|x86.ActiveCfg = AppStore|iPhoneSimulator
		{D79F761E-A5F7-4A67-B52D-53F12D1BAD1C}.AppStore|x86.Build.0 = AppStore|iPhoneSimulator
		{D79F761E-A5F7-4A67-B52D-53F12D1BAD1C}.Debug|Any CPU.ActiveCfg = Debug|iPhoneSimulator
		{D79F761E-A5F7-4A67-B52D-53F12D1BAD1C}.Debug|Any CPU.Build.0 = Debug|iPhoneSimulator
		{D79F761E-A5F7-4A67-B52D-53F12D1BAD1C}.Debug|ARM.ActiveCfg = Debug|iPhoneSimulator
		{D79F761E-A5F7-4A67-B52D-53F12D1BAD1C}.Debug|ARM.Build.0 = Debug|iPhoneSimulator
		{D79F761E-A5F7-4A67-B52D-53F12D1BAD1C}.Debug|ARM64.ActiveCfg = Debug|iPhoneSimulator
		{D79F761E-A5F7-4A67-B52D-53F12D1BAD1C}.Debug|ARM64.Build.0 = Debug|iPhoneSimulator
		{D79F761E-A5F7-4A67-B52D-53F12D1BAD1C}.Debug|iPhone.ActiveCfg = Debug|iPhone
		{D79F761E-A5F7-4A67-B52D-53F12D1BAD1C}.Debug|iPhone.Build.0 = Debug|iPhone
		{D79F761E-A5F7-4A67-B52D-53F12D1BAD1C}.Debug|iPhoneSimulator.ActiveCfg = Debug|iPhoneSimulator
		{D79F761E-A5F7-4A67-B52D-53F12D1BAD1C}.Debug|iPhoneSimulator.Build.0 = Debug|iPhoneSimulator
		{D79F761E-A5F7-4A67-B52D-53F12D1BAD1C}.Debug|x64.ActiveCfg = Debug|iPhoneSimulator
		{D79F761E-A5F7-4A67-B52D-53F12D1BAD1C}.Debug|x64.Build.0 = Debug|iPhoneSimulator
		{D79F761E-A5F7-4A67-B52D-53F12D1BAD1C}.Debug|x86.ActiveCfg = Debug|iPhoneSimulator
		{D79F761E-A5F7-4A67-B52D-53F12D1BAD1C}.Debug|x86.Build.0 = Debug|iPhoneSimulator
		{D79F761E-A5F7-4A67-B52D-53F12D1BAD1C}.Release|Any CPU.ActiveCfg = Release|iPhoneSimulator
		{D79F761E-A5F7-4A67-B52D-53F12D1BAD1C}.Release|Any CPU.Build.0 = Release|iPhoneSimulator
		{D79F761E-A5F7-4A67-B52D-53F12D1BAD1C}.Release|ARM.ActiveCfg = Release|iPhoneSimulator
		{D79F761E-A5F7-4A67-B52D-53F12D1BAD1C}.Release|ARM.Build.0 = Release|iPhoneSimulator
		{D79F761E-A5F7-4A67-B52D-53F12D1BAD1C}.Release|ARM64.ActiveCfg = Release|iPhoneSimulator
		{D79F761E-A5F7-4A67-B52D-53F12D1BAD1C}.Release|ARM64.Build.0 = Release|iPhoneSimulator
		{D79F761E-A5F7-4A67-B52D-53F12D1BAD1C}.Release|iPhone.ActiveCfg = Release|iPhone
		{D79F761E-A5F7-4A67-B52D-53F12D1BAD1C}.Release|iPhone.Build.0 = Release|iPhone
		{D79F761E-A5F7-4A67-B52D-53F12D1BAD1C}.Release|iPhoneSimulator.ActiveCfg = Release|iPhoneSimulator
		{D79F761E-A5F7-4A67-B52D-53F12D1BAD1C}.Release|iPhoneSimulator.Build.0 = Release|iPhoneSimulator
		{D79F761E-A5F7-4A67-B52D-53F12D1BAD1C}.Release|x64.ActiveCfg = Release|iPhoneSimulator
		{D79F761E-A5F7-4A67-B52D-53F12D1BAD1C}.Release|x64.Build.0 = Release|iPhoneSimulator
		{D79F761E-A5F7-4A67-B52D-53F12D1BAD1C}.Release|x86.ActiveCfg = Release|iPhoneSimulator
		{D79F761E-A5F7-4A67-B52D-53F12D1BAD1C}.Release|x86.Build.0 = Release|iPhoneSimulator
		{EE245E16-91F2-4D80-B4E0-887A5B05FC53}.Ad-Hoc|Any CPU.ActiveCfg = Debug|x64
		{EE245E16-91F2-4D80-B4E0-887A5B05FC53}.Ad-Hoc|Any CPU.Build.0 = Debug|x64
		{EE245E16-91F2-4D80-B4E0-887A5B05FC53}.Ad-Hoc|Any CPU.Deploy.0 = Debug|x64
		{EE245E16-91F2-4D80-B4E0-887A5B05FC53}.Ad-Hoc|ARM.ActiveCfg = Debug|ARM
		{EE245E16-91F2-4D80-B4E0-887A5B05FC53}.Ad-Hoc|ARM.Build.0 = Debug|ARM
		{EE245E16-91F2-4D80-B4E0-887A5B05FC53}.Ad-Hoc|ARM.Deploy.0 = Debug|ARM
		{EE245E16-91F2-4D80-B4E0-887A5B05FC53}.Ad-Hoc|ARM64.ActiveCfg = Debug|ARM64
		{EE245E16-91F2-4D80-B4E0-887A5B05FC53}.Ad-Hoc|ARM64.Build.0 = Debug|ARM64
		{EE245E16-91F2-4D80-B4E0-887A5B05FC53}.Ad-Hoc|ARM64.Deploy.0 = Debug|ARM64
		{EE245E16-91F2-4D80-B4E0-887A5B05FC53}.Ad-Hoc|iPhone.ActiveCfg = Debug|x64
		{EE245E16-91F2-4D80-B4E0-887A5B05FC53}.Ad-Hoc|iPhone.Build.0 = Debug|x64
		{EE245E16-91F2-4D80-B4E0-887A5B05FC53}.Ad-Hoc|iPhone.Deploy.0 = Debug|x64
		{EE245E16-91F2-4D80-B4E0-887A5B05FC53}.Ad-Hoc|iPhoneSimulator.ActiveCfg = Debug|x64
		{EE245E16-91F2-4D80-B4E0-887A5B05FC53}.Ad-Hoc|iPhoneSimulator.Build.0 = Debug|x64
		{EE245E16-91F2-4D80-B4E0-887A5B05FC53}.Ad-Hoc|iPhoneSimulator.Deploy.0 = Debug|x64
		{EE245E16-91F2-4D80-B4E0-887A5B05FC53}.Ad-Hoc|x64.ActiveCfg = Debug|x64
		{EE245E16-91F2-4D80-B4E0-887A5B05FC53}.Ad-Hoc|x64.Build.0 = Debug|x64
		{EE245E16-91F2-4D80-B4E0-887A5B05FC53}.Ad-Hoc|x64.Deploy.0 = Debug|x64
		{EE245E16-91F2-4D80-B4E0-887A5B05FC53}.Ad-Hoc|x86.ActiveCfg = Debug|x86
		{EE245E16-91F2-4D80-B4E0-887A5B05FC53}.Ad-Hoc|x86.Build.0 = Debug|x86
		{EE245E16-91F2-4D80-B4E0-887A5B05FC53}.Ad-Hoc|x86.Deploy.0 = Debug|x86
		{EE245E16-91F2-4D80-B4E0-887A5B05FC53}.AppStore|Any CPU.ActiveCfg = Debug|x64
		{EE245E16-91F2-4D80-B4E0-887A5B05FC53}.AppStore|Any CPU.Build.0 = Debug|x64
		{EE245E16-91F2-4D80-B4E0-887A5B05FC53}.AppStore|Any CPU.Deploy.0 = Debug|x64
		{EE245E16-91F2-4D80-B4E0-887A5B05FC53}.AppStore|ARM.ActiveCfg = Debug|ARM
		{EE245E16-91F2-4D80-B4E0-887A5B05FC53}.AppStore|ARM.Build.0 = Debug|ARM
		{EE245E16-91F2-4D80-B4E0-887A5B05FC53}.AppStore|ARM.Deploy.0 = Debug|ARM
		{EE245E16-91F2-4D80-B4E0-887A5B05FC53}.AppStore|ARM64.ActiveCfg = Debug|ARM64
		{EE245E16-91F2-4D80-B4E0-887A5B05FC53}.AppStore|ARM64.Build.0 = Debug|ARM64
		{EE245E16-91F2-4D80-B4E0-887A5B05FC53}.AppStore|ARM64.Deploy.0 = Debug|ARM64
		{EE245E16-91F2-4D80-B4E0-887A5B05FC53}.AppStore|iPhone.ActiveCfg = Debug|x64
		{EE245E16-91F2-4D80-B4E0-887A5B05FC53}.AppStore|iPhone.Build.0 = Debug|x64
		{EE245E16-91F2-4D80-B4E0-887A5B05FC53}.AppStore|iPhone.Deploy.0 = Debug|x64
		{EE245E16-91F2-4D80-B4E0-887A5B05FC53}.AppStore|iPhoneSimulator.ActiveCfg = Debug|x64
		{EE245E16-91F2-4D80-B4E0-887A5B05FC53}.AppStore|iPhoneSimulator.Build.0 = Debug|x64
		{EE245E16-91F2-4D80-B4E0-887A5B05FC53}.AppStore|iPhoneSimulator.Deploy.0 = Debug|x64
		{EE245E16-91F2-4D80-B4E0-887A5B05FC53}.AppStore|x64.ActiveCfg = Debug|x64
		{EE245E16-91F2-4D80-B4E0-887A5B05FC53}.AppStore|x64.Build.0 = Debug|x64
		{EE245E16-91F2-4D80-B4E0-887A5B05FC53}.AppStore|x64.Deploy.0 = Debug|x64
		{EE245E16-91F2-4D80-B4E0-887A5B05FC53}.AppStore|x86.ActiveCfg = Debug|x86
		{EE245E16-91F2-4D80-B4E0-887A5B05FC53}.AppStore|x86.Build.0 = Debug|x86
		{EE245E16-91F2-4D80-B4E0-887A5B05FC53}.AppStore|x86.Deploy.0 = Debug|x86
		{EE245E16-91F2-4D80-B4E0-887A5B05FC53}.Debug|Any CPU.ActiveCfg = Debug|x64
		{EE245E16-91F2-4D80-B4E0-887A5B05FC53}.Debug|Any CPU.Build.0 = Debug|x64
		{EE245E16-91F2-4D80-B4E0-887A5B05FC53}.Debug|Any CPU.Deploy.0 = Debug|x64
		{EE245E16-91F2-4D80-B4E0-887A5B05FC53}.Debug|ARM.ActiveCfg = Debug|ARM
		{EE245E16-91F2-4D80-B4E0-887A5B05FC53}.Debug|ARM.Build.0 = Debug|ARM
		{EE245E16-91F2-4D80-B4E0-887A5B05FC53}.Debug|ARM.Deploy.0 = Debug|ARM
		{EE245E16-91F2-4D80-B4E0-887A5B05FC53}.Debug|ARM64.ActiveCfg = Debug|ARM64
		{EE245E16-91F2-4D80-B4E0-887A5B05FC53}.Debug|ARM64.Build.0 = Debug|ARM64
		{EE245E16-91F2-4D80-B4E0-887A5B05FC53}.Debug|ARM64.Deploy.0 = Debug|ARM64
		{EE245E16-91F2-4D80-B4E0-887A5B05FC53}.Debug|iPhone.ActiveCfg = Debug|x64
		{EE245E16-91F2-4D80-B4E0-887A5B05FC53}.Debug|iPhone.Build.0 = Debug|x64
		{EE245E16-91F2-4D80-B4E0-887A5B05FC53}.Debug|iPhone.Deploy.0 = Debug|x64
		{EE245E16-91F2-4D80-B4E0-887A5B05FC53}.Debug|iPhoneSimulator.ActiveCfg = Debug|x64
		{EE245E16-91F2-4D80-B4E0-887A5B05FC53}.Debug|iPhoneSimulator.Build.0 = Debug|x64
		{EE245E16-91F2-4D80-B4E0-887A5B05FC53}.Debug|iPhoneSimulator.Deploy.0 = Debug|x64
		{EE245E16-91F2-4D80-B4E0-887A5B05FC53}.Debug|x64.ActiveCfg = Debug|x64
		{EE245E16-91F2-4D80-B4E0-887A5B05FC53}.Debug|x64.Build.0 = Debug|x64
		{EE245E16-91F2-4D80-B4E0-887A5B05FC53}.Debug|x64.Deploy.0 = Debug|x64
		{EE245E16-91F2-4D80-B4E0-887A5B05FC53}.Debug|x86.ActiveCfg = Debug|x86
		{EE245E16-91F2-4D80-B4E0-887A5B05FC53}.Debug|x86.Build.0 = Debug|x86
		{EE245E16-91F2-4D80-B4E0-887A5B05FC53}.Debug|x86.Deploy.0 = Debug|x86
		{EE245E16-91F2-4D80-B4E0-887A5B05FC53}.Release|Any CPU.ActiveCfg = Release|x64
		{EE245E16-91F2-4D80-B4E0-887A5B05FC53}.Release|Any CPU.Build.0 = Release|x64
		{EE245E16-91F2-4D80-B4E0-887A5B05FC53}.Release|Any CPU.Deploy.0 = Release|x64
		{EE245E16-91F2-4D80-B4E0-887A5B05FC53}.Release|ARM.ActiveCfg = Release|ARM
		{EE245E16-91F2-4D80-B4E0-887A5B05FC53}.Release|ARM.Build.0 = Release|ARM
		{EE245E16-91F2-4D80-B4E0-887A5B05FC53}.Release|ARM.Deploy.0 = Release|ARM
		{EE245E16-91F2-4D80-B4E0-887A5B05FC53}.Release|ARM64.ActiveCfg = Release|ARM64
		{EE245E16-91F2-4D80-B4E0-887A5B05FC53}.Release|ARM64.Build.0 = Release|ARM64
		{EE245E16-91F2-4D80-B4E0-887A5B05FC53}.Release|ARM64.Deploy.0 = Release|ARM64
		{EE245E16-91F2-4D80-B4E0-887A5B05FC53}.Release|iPhone.ActiveCfg = Release|x64
		{EE245E16-91F2-4D80-B4E0-887A5B05FC53}.Release|iPhone.Build.0 = Release|x64
		{EE245E16-91F2-4D80-B4E0-887A5B05FC53}.Release|iPhone.Deploy.0 = Release|x64
		{EE245E16-91F2-4D80-B4E0-887A5B05FC53}.Release|iPhoneSimulator.ActiveCfg = Release|x64
		{EE245E16-91F2-4D80-B4E0-887A5B05FC53}.Release|iPhoneSimulator.Build.0 = Release|x64
		{EE245E16-91F2-4D80-B4E0-887A5B05FC53}.Release|iPhoneSimulator.Deploy.0 = Release|x64
		{EE245E16-91F2-4D80-B4E0-887A5B05FC53}.Release|x64.ActiveCfg = Release|x64
		{EE245E16-91F2-4D80-B4E0-887A5B05FC53}.Release|x64.Build.0 = Release|x64
		{EE245E16-91F2-4D80-B4E0-887A5B05FC53}.Release|x64.Deploy.0 = Release|x64
		{EE245E16-91F2-4D80-B4E0-887A5B05FC53}.Release|x86.ActiveCfg = Release|x86
		{EE245E16-91F2-4D80-B4E0-887A5B05FC53}.Release|x86.Build.0 = Release|x86
		{EE245E16-91F2-4D80-B4E0-887A5B05FC53}.Release|x86.Deploy.0 = Release|x86
		{1A6FF272-5B1F-4ECE-AC8C-08E7F76A7728}.Ad-Hoc|Any CPU.ActiveCfg = Debug|iPhoneSimulator
		{1A6FF272-5B1F-4ECE-AC8C-08E7F76A7728}.Ad-Hoc|Any CPU.Build.0 = Debug|iPhoneSimulator
		{1A6FF272-5B1F-4ECE-AC8C-08E7F76A7728}.Ad-Hoc|ARM.ActiveCfg = Debug|iPhoneSimulator
		{1A6FF272-5B1F-4ECE-AC8C-08E7F76A7728}.Ad-Hoc|ARM.Build.0 = Debug|iPhoneSimulator
		{1A6FF272-5B1F-4ECE-AC8C-08E7F76A7728}.Ad-Hoc|ARM64.ActiveCfg = Debug|iPhoneSimulator
		{1A6FF272-5B1F-4ECE-AC8C-08E7F76A7728}.Ad-Hoc|ARM64.Build.0 = Debug|iPhoneSimulator
		{1A6FF272-5B1F-4ECE-AC8C-08E7F76A7728}.Ad-Hoc|iPhone.ActiveCfg = Debug|iPhoneSimulator
		{1A6FF272-5B1F-4ECE-AC8C-08E7F76A7728}.Ad-Hoc|iPhone.Build.0 = Debug|iPhoneSimulator
		{1A6FF272-5B1F-4ECE-AC8C-08E7F76A7728}.Ad-Hoc|iPhoneSimulator.ActiveCfg = Debug|iPhoneSimulator
		{1A6FF272-5B1F-4ECE-AC8C-08E7F76A7728}.Ad-Hoc|iPhoneSimulator.Build.0 = Debug|iPhoneSimulator
		{1A6FF272-5B1F-4ECE-AC8C-08E7F76A7728}.Ad-Hoc|x64.ActiveCfg = Debug|iPhoneSimulator
		{1A6FF272-5B1F-4ECE-AC8C-08E7F76A7728}.Ad-Hoc|x64.Build.0 = Debug|iPhoneSimulator
		{1A6FF272-5B1F-4ECE-AC8C-08E7F76A7728}.Ad-Hoc|x86.ActiveCfg = Debug|iPhoneSimulator
		{1A6FF272-5B1F-4ECE-AC8C-08E7F76A7728}.Ad-Hoc|x86.Build.0 = Debug|iPhoneSimulator
		{1A6FF272-5B1F-4ECE-AC8C-08E7F76A7728}.AppStore|Any CPU.ActiveCfg = Debug|iPhoneSimulator
		{1A6FF272-5B1F-4ECE-AC8C-08E7F76A7728}.AppStore|Any CPU.Build.0 = Debug|iPhoneSimulator
		{1A6FF272-5B1F-4ECE-AC8C-08E7F76A7728}.AppStore|ARM.ActiveCfg = Debug|iPhoneSimulator
		{1A6FF272-5B1F-4ECE-AC8C-08E7F76A7728}.AppStore|ARM.Build.0 = Debug|iPhoneSimulator
		{1A6FF272-5B1F-4ECE-AC8C-08E7F76A7728}.AppStore|ARM64.ActiveCfg = Debug|iPhoneSimulator
		{1A6FF272-5B1F-4ECE-AC8C-08E7F76A7728}.AppStore|ARM64.Build.0 = Debug|iPhoneSimulator
		{1A6FF272-5B1F-4ECE-AC8C-08E7F76A7728}.AppStore|iPhone.ActiveCfg = Debug|iPhoneSimulator
		{1A6FF272-5B1F-4ECE-AC8C-08E7F76A7728}.AppStore|iPhone.Build.0 = Debug|iPhoneSimulator
		{1A6FF272-5B1F-4ECE-AC8C-08E7F76A7728}.AppStore|iPhoneSimulator.ActiveCfg = Debug|iPhoneSimulator
		{1A6FF272-5B1F-4ECE-AC8C-08E7F76A7728}.AppStore|iPhoneSimulator.Build.0 = Debug|iPhoneSimulator
		{1A6FF272-5B1F-4ECE-AC8C-08E7F76A7728}.AppStore|x64.ActiveCfg = Debug|iPhoneSimulator
		{1A6FF272-5B1F-4ECE-AC8C-08E7F76A7728}.AppStore|x64.Build.0 = Debug|iPhoneSimulator
		{1A6FF272-5B1F-4ECE-AC8C-08E7F76A7728}.AppStore|x86.ActiveCfg = Debug|iPhoneSimulator
		{1A6FF272-5B1F-4ECE-AC8C-08E7F76A7728}.AppStore|x86.Build.0 = Debug|iPhoneSimulator
		{1A6FF272-5B1F-4ECE-AC8C-08E7F76A7728}.Debug|Any CPU.ActiveCfg = Debug|iPhoneSimulator
		{1A6FF272-5B1F-4ECE-AC8C-08E7F76A7728}.Debug|Any CPU.Build.0 = Debug|iPhoneSimulator
		{1A6FF272-5B1F-4ECE-AC8C-08E7F76A7728}.Debug|ARM.ActiveCfg = Debug|iPhoneSimulator
		{1A6FF272-5B1F-4ECE-AC8C-08E7F76A7728}.Debug|ARM.Build.0 = Debug|iPhoneSimulator
		{1A6FF272-5B1F-4ECE-AC8C-08E7F76A7728}.Debug|ARM64.ActiveCfg = Debug|iPhoneSimulator
		{1A6FF272-5B1F-4ECE-AC8C-08E7F76A7728}.Debug|ARM64.Build.0 = Debug|iPhoneSimulator
		{1A6FF272-5B1F-4ECE-AC8C-08E7F76A7728}.Debug|iPhone.ActiveCfg = Debug|iPhoneSimulator
		{1A6FF272-5B1F-4ECE-AC8C-08E7F76A7728}.Debug|iPhone.Build.0 = Debug|iPhoneSimulator
		{1A6FF272-5B1F-4ECE-AC8C-08E7F76A7728}.Debug|iPhoneSimulator.ActiveCfg = Debug|iPhoneSimulator
		{1A6FF272-5B1F-4ECE-AC8C-08E7F76A7728}.Debug|iPhoneSimulator.Build.0 = Debug|iPhoneSimulator
		{1A6FF272-5B1F-4ECE-AC8C-08E7F76A7728}.Debug|x64.ActiveCfg = Debug|iPhoneSimulator
		{1A6FF272-5B1F-4ECE-AC8C-08E7F76A7728}.Debug|x64.Build.0 = Debug|iPhoneSimulator
		{1A6FF272-5B1F-4ECE-AC8C-08E7F76A7728}.Debug|x86.ActiveCfg = Debug|iPhoneSimulator
		{1A6FF272-5B1F-4ECE-AC8C-08E7F76A7728}.Debug|x86.Build.0 = Debug|iPhoneSimulator
		{1A6FF272-5B1F-4ECE-AC8C-08E7F76A7728}.Release|Any CPU.ActiveCfg = Release|iPhoneSimulator
		{1A6FF272-5B1F-4ECE-AC8C-08E7F76A7728}.Release|Any CPU.Build.0 = Release|iPhoneSimulator
		{1A6FF272-5B1F-4ECE-AC8C-08E7F76A7728}.Release|ARM.ActiveCfg = Release|iPhoneSimulator
		{1A6FF272-5B1F-4ECE-AC8C-08E7F76A7728}.Release|ARM.Build.0 = Release|iPhoneSimulator
		{1A6FF272-5B1F-4ECE-AC8C-08E7F76A7728}.Release|ARM64.ActiveCfg = Release|iPhoneSimulator
		{1A6FF272-5B1F-4ECE-AC8C-08E7F76A7728}.Release|ARM64.Build.0 = Release|iPhoneSimulator
		{1A6FF272-5B1F-4ECE-AC8C-08E7F76A7728}.Release|iPhone.ActiveCfg = Release|iPhoneSimulator
		{1A6FF272-5B1F-4ECE-AC8C-08E7F76A7728}.Release|iPhone.Build.0 = Release|iPhoneSimulator
		{1A6FF272-5B1F-4ECE-AC8C-08E7F76A7728}.Release|iPhoneSimulator.ActiveCfg = Release|iPhoneSimulator
		{1A6FF272-5B1F-4ECE-AC8C-08E7F76A7728}.Release|iPhoneSimulator.Build.0 = Release|iPhoneSimulator
		{1A6FF272-5B1F-4ECE-AC8C-08E7F76A7728}.Release|x64.ActiveCfg = Release|iPhoneSimulator
		{1A6FF272-5B1F-4ECE-AC8C-08E7F76A7728}.Release|x64.Build.0 = Release|iPhoneSimulator
		{1A6FF272-5B1F-4ECE-AC8C-08E7F76A7728}.Release|x86.ActiveCfg = Release|iPhoneSimulator
		{1A6FF272-5B1F-4ECE-AC8C-08E7F76A7728}.Release|x86.Build.0 = Release|iPhoneSimulator
		{E3C064DA-74A9-459B-87F3-84EB672637C9}.Ad-Hoc|Any CPU.ActiveCfg = Debug|Any CPU
		{E3C064DA-74A9-459B-87F3-84EB672637C9}.Ad-Hoc|Any CPU.Build.0 = Debug|Any CPU
		{E3C064DA-74A9-459B-87F3-84EB672637C9}.Ad-Hoc|ARM.ActiveCfg = Debug|Any CPU
		{E3C064DA-74A9-459B-87F3-84EB672637C9}.Ad-Hoc|ARM.Build.0 = Debug|Any CPU
		{E3C064DA-74A9-459B-87F3-84EB672637C9}.Ad-Hoc|ARM64.ActiveCfg = Debug|Any CPU
		{E3C064DA-74A9-459B-87F3-84EB672637C9}.Ad-Hoc|ARM64.Build.0 = Debug|Any CPU
		{E3C064DA-74A9-459B-87F3-84EB672637C9}.Ad-Hoc|iPhone.ActiveCfg = Debug|Any CPU
		{E3C064DA-74A9-459B-87F3-84EB672637C9}.Ad-Hoc|iPhone.Build.0 = Debug|Any CPU
		{E3C064DA-74A9-459B-87F3-84EB672637C9}.Ad-Hoc|iPhoneSimulator.ActiveCfg = Debug|Any CPU
		{E3C064DA-74A9-459B-87F3-84EB672637C9}.Ad-Hoc|iPhoneSimulator.Build.0 = Debug|Any CPU
		{E3C064DA-74A9-459B-87F3-84EB672637C9}.Ad-Hoc|x64.ActiveCfg = Debug|Any CPU
		{E3C064DA-74A9-459B-87F3-84EB672637C9}.Ad-Hoc|x64.Build.0 = Debug|Any CPU
		{E3C064DA-74A9-459B-87F3-84EB672637C9}.Ad-Hoc|x86.ActiveCfg = Debug|Any CPU
		{E3C064DA-74A9-459B-87F3-84EB672637C9}.Ad-Hoc|x86.Build.0 = Debug|Any CPU
		{E3C064DA-74A9-459B-87F3-84EB672637C9}.AppStore|Any CPU.ActiveCfg = Debug|Any CPU
		{E3C064DA-74A9-459B-87F3-84EB672637C9}.AppStore|Any CPU.Build.0 = Debug|Any CPU
		{E3C064DA-74A9-459B-87F3-84EB672637C9}.AppStore|ARM.ActiveCfg = Debug|Any CPU
		{E3C064DA-74A9-459B-87F3-84EB672637C9}.AppStore|ARM.Build.0 = Debug|Any CPU
		{E3C064DA-74A9-459B-87F3-84EB672637C9}.AppStore|ARM64.ActiveCfg = Debug|Any CPU
		{E3C064DA-74A9-459B-87F3-84EB672637C9}.AppStore|ARM64.Build.0 = Debug|Any CPU
		{E3C064DA-74A9-459B-87F3-84EB672637C9}.AppStore|iPhone.ActiveCfg = Debug|Any CPU
		{E3C064DA-74A9-459B-87F3-84EB672637C9}.AppStore|iPhone.Build.0 = Debug|Any CPU
		{E3C064DA-74A9-459B-87F3-84EB672637C9}.AppStore|iPhoneSimulator.ActiveCfg = Debug|Any CPU
		{E3C064DA-74A9-459B-87F3-84EB672637C9}.AppStore|iPhoneSimulator.Build.0 = Debug|Any CPU
		{E3C064DA-74A9-459B-87F3-84EB672637C9}.AppStore|x64.ActiveCfg = Debug|Any CPU
		{E3C064DA-74A9-459B-87F3-84EB672637C9}.AppStore|x64.Build.0 = Debug|Any CPU
		{E3C064DA-74A9-459B-87F3-84EB672637C9}.AppStore|x86.ActiveCfg = Debug|Any CPU
		{E3C064DA-74A9-459B-87F3-84EB672637C9}.AppStore|x86.Build.0 = Debug|Any CPU
		{E3C064DA-74A9-459B-87F3-84EB672637C9}.Debug|Any CPU.ActiveCfg = Debug|Any CPU
		{E3C064DA-74A9-459B-87F3-84EB672637C9}.Debug|Any CPU.Build.0 = Debug|Any CPU
		{E3C064DA-74A9-459B-87F3-84EB672637C9}.Debug|ARM.ActiveCfg = Debug|Any CPU
		{E3C064DA-74A9-459B-87F3-84EB672637C9}.Debug|ARM.Build.0 = Debug|Any CPU
		{E3C064DA-74A9-459B-87F3-84EB672637C9}.Debug|ARM64.ActiveCfg = Debug|Any CPU
		{E3C064DA-74A9-459B-87F3-84EB672637C9}.Debug|ARM64.Build.0 = Debug|Any CPU
		{E3C064DA-74A9-459B-87F3-84EB672637C9}.Debug|iPhone.ActiveCfg = Debug|Any CPU
		{E3C064DA-74A9-459B-87F3-84EB672637C9}.Debug|iPhone.Build.0 = Debug|Any CPU
		{E3C064DA-74A9-459B-87F3-84EB672637C9}.Debug|iPhoneSimulator.ActiveCfg = Debug|Any CPU
		{E3C064DA-74A9-459B-87F3-84EB672637C9}.Debug|iPhoneSimulator.Build.0 = Debug|Any CPU
		{E3C064DA-74A9-459B-87F3-84EB672637C9}.Debug|x64.ActiveCfg = Debug|Any CPU
		{E3C064DA-74A9-459B-87F3-84EB672637C9}.Debug|x64.Build.0 = Debug|Any CPU
		{E3C064DA-74A9-459B-87F3-84EB672637C9}.Debug|x86.ActiveCfg = Debug|Any CPU
		{E3C064DA-74A9-459B-87F3-84EB672637C9}.Debug|x86.Build.0 = Debug|Any CPU
		{E3C064DA-74A9-459B-87F3-84EB672637C9}.Release|Any CPU.ActiveCfg = Release|Any CPU
		{E3C064DA-74A9-459B-87F3-84EB672637C9}.Release|Any CPU.Build.0 = Release|Any CPU
		{E3C064DA-74A9-459B-87F3-84EB672637C9}.Release|ARM.ActiveCfg = Release|Any CPU
		{E3C064DA-74A9-459B-87F3-84EB672637C9}.Release|ARM.Build.0 = Release|Any CPU
		{E3C064DA-74A9-459B-87F3-84EB672637C9}.Release|ARM64.ActiveCfg = Release|Any CPU
		{E3C064DA-74A9-459B-87F3-84EB672637C9}.Release|ARM64.Build.0 = Release|Any CPU
		{E3C064DA-74A9-459B-87F3-84EB672637C9}.Release|iPhone.ActiveCfg = Release|Any CPU
		{E3C064DA-74A9-459B-87F3-84EB672637C9}.Release|iPhone.Build.0 = Release|Any CPU
		{E3C064DA-74A9-459B-87F3-84EB672637C9}.Release|iPhoneSimulator.ActiveCfg = Release|Any CPU
		{E3C064DA-74A9-459B-87F3-84EB672637C9}.Release|iPhoneSimulator.Build.0 = Release|Any CPU
		{E3C064DA-74A9-459B-87F3-84EB672637C9}.Release|x64.ActiveCfg = Release|Any CPU
		{E3C064DA-74A9-459B-87F3-84EB672637C9}.Release|x64.Build.0 = Release|Any CPU
		{E3C064DA-74A9-459B-87F3-84EB672637C9}.Release|x86.ActiveCfg = Release|Any CPU
		{E3C064DA-74A9-459B-87F3-84EB672637C9}.Release|x86.Build.0 = Release|Any CPU
		{7F076536-E771-478C-9E96-8BC7617C5228}.Ad-Hoc|Any CPU.ActiveCfg = Debug|Any CPU
		{7F076536-E771-478C-9E96-8BC7617C5228}.Ad-Hoc|Any CPU.Build.0 = Debug|Any CPU
		{7F076536-E771-478C-9E96-8BC7617C5228}.Ad-Hoc|ARM.ActiveCfg = Debug|Any CPU
		{7F076536-E771-478C-9E96-8BC7617C5228}.Ad-Hoc|ARM.Build.0 = Debug|Any CPU
		{7F076536-E771-478C-9E96-8BC7617C5228}.Ad-Hoc|ARM64.ActiveCfg = Debug|Any CPU
		{7F076536-E771-478C-9E96-8BC7617C5228}.Ad-Hoc|ARM64.Build.0 = Debug|Any CPU
		{7F076536-E771-478C-9E96-8BC7617C5228}.Ad-Hoc|iPhone.ActiveCfg = Debug|Any CPU
		{7F076536-E771-478C-9E96-8BC7617C5228}.Ad-Hoc|iPhone.Build.0 = Debug|Any CPU
		{7F076536-E771-478C-9E96-8BC7617C5228}.Ad-Hoc|iPhoneSimulator.ActiveCfg = Debug|Any CPU
		{7F076536-E771-478C-9E96-8BC7617C5228}.Ad-Hoc|iPhoneSimulator.Build.0 = Debug|Any CPU
		{7F076536-E771-478C-9E96-8BC7617C5228}.Ad-Hoc|x64.ActiveCfg = Debug|Any CPU
		{7F076536-E771-478C-9E96-8BC7617C5228}.Ad-Hoc|x64.Build.0 = Debug|Any CPU
		{7F076536-E771-478C-9E96-8BC7617C5228}.Ad-Hoc|x86.ActiveCfg = Debug|Any CPU
		{7F076536-E771-478C-9E96-8BC7617C5228}.Ad-Hoc|x86.Build.0 = Debug|Any CPU
		{7F076536-E771-478C-9E96-8BC7617C5228}.AppStore|Any CPU.ActiveCfg = Debug|Any CPU
		{7F076536-E771-478C-9E96-8BC7617C5228}.AppStore|Any CPU.Build.0 = Debug|Any CPU
		{7F076536-E771-478C-9E96-8BC7617C5228}.AppStore|ARM.ActiveCfg = Debug|Any CPU
		{7F076536-E771-478C-9E96-8BC7617C5228}.AppStore|ARM.Build.0 = Debug|Any CPU
		{7F076536-E771-478C-9E96-8BC7617C5228}.AppStore|ARM64.ActiveCfg = Debug|Any CPU
		{7F076536-E771-478C-9E96-8BC7617C5228}.AppStore|ARM64.Build.0 = Debug|Any CPU
		{7F076536-E771-478C-9E96-8BC7617C5228}.AppStore|iPhone.ActiveCfg = Debug|Any CPU
		{7F076536-E771-478C-9E96-8BC7617C5228}.AppStore|iPhone.Build.0 = Debug|Any CPU
		{7F076536-E771-478C-9E96-8BC7617C5228}.AppStore|iPhoneSimulator.ActiveCfg = Debug|Any CPU
		{7F076536-E771-478C-9E96-8BC7617C5228}.AppStore|iPhoneSimulator.Build.0 = Debug|Any CPU
		{7F076536-E771-478C-9E96-8BC7617C5228}.AppStore|x64.ActiveCfg = Debug|Any CPU
		{7F076536-E771-478C-9E96-8BC7617C5228}.AppStore|x64.Build.0 = Debug|Any CPU
		{7F076536-E771-478C-9E96-8BC7617C5228}.AppStore|x86.ActiveCfg = Debug|Any CPU
		{7F076536-E771-478C-9E96-8BC7617C5228}.AppStore|x86.Build.0 = Debug|Any CPU
		{7F076536-E771-478C-9E96-8BC7617C5228}.Debug|Any CPU.ActiveCfg = Debug|Any CPU
		{7F076536-E771-478C-9E96-8BC7617C5228}.Debug|Any CPU.Build.0 = Debug|Any CPU
		{7F076536-E771-478C-9E96-8BC7617C5228}.Debug|ARM.ActiveCfg = Debug|Any CPU
		{7F076536-E771-478C-9E96-8BC7617C5228}.Debug|ARM.Build.0 = Debug|Any CPU
		{7F076536-E771-478C-9E96-8BC7617C5228}.Debug|ARM64.ActiveCfg = Debug|Any CPU
		{7F076536-E771-478C-9E96-8BC7617C5228}.Debug|ARM64.Build.0 = Debug|Any CPU
		{7F076536-E771-478C-9E96-8BC7617C5228}.Debug|iPhone.ActiveCfg = Debug|Any CPU
		{7F076536-E771-478C-9E96-8BC7617C5228}.Debug|iPhone.Build.0 = Debug|Any CPU
		{7F076536-E771-478C-9E96-8BC7617C5228}.Debug|iPhoneSimulator.ActiveCfg = Debug|Any CPU
		{7F076536-E771-478C-9E96-8BC7617C5228}.Debug|iPhoneSimulator.Build.0 = Debug|Any CPU
		{7F076536-E771-478C-9E96-8BC7617C5228}.Debug|x64.ActiveCfg = Debug|Any CPU
		{7F076536-E771-478C-9E96-8BC7617C5228}.Debug|x64.Build.0 = Debug|Any CPU
		{7F076536-E771-478C-9E96-8BC7617C5228}.Debug|x86.ActiveCfg = Debug|Any CPU
		{7F076536-E771-478C-9E96-8BC7617C5228}.Debug|x86.Build.0 = Debug|Any CPU
		{7F076536-E771-478C-9E96-8BC7617C5228}.Release|Any CPU.ActiveCfg = Release|Any CPU
		{7F076536-E771-478C-9E96-8BC7617C5228}.Release|Any CPU.Build.0 = Release|Any CPU
		{7F076536-E771-478C-9E96-8BC7617C5228}.Release|ARM.ActiveCfg = Release|Any CPU
		{7F076536-E771-478C-9E96-8BC7617C5228}.Release|ARM.Build.0 = Release|Any CPU
		{7F076536-E771-478C-9E96-8BC7617C5228}.Release|ARM64.ActiveCfg = Release|Any CPU
		{7F076536-E771-478C-9E96-8BC7617C5228}.Release|ARM64.Build.0 = Release|Any CPU
		{7F076536-E771-478C-9E96-8BC7617C5228}.Release|iPhone.ActiveCfg = Release|Any CPU
		{7F076536-E771-478C-9E96-8BC7617C5228}.Release|iPhone.Build.0 = Release|Any CPU
		{7F076536-E771-478C-9E96-8BC7617C5228}.Release|iPhoneSimulator.ActiveCfg = Release|Any CPU
		{7F076536-E771-478C-9E96-8BC7617C5228}.Release|iPhoneSimulator.Build.0 = Release|Any CPU
		{7F076536-E771-478C-9E96-8BC7617C5228}.Release|x64.ActiveCfg = Release|Any CPU
		{7F076536-E771-478C-9E96-8BC7617C5228}.Release|x64.Build.0 = Release|Any CPU
		{7F076536-E771-478C-9E96-8BC7617C5228}.Release|x86.ActiveCfg = Release|Any CPU
		{7F076536-E771-478C-9E96-8BC7617C5228}.Release|x86.Build.0 = Release|Any CPU
		{0873493C-C35E-42AC-A752-BD4D6DB7D66E}.Ad-Hoc|Any CPU.ActiveCfg = Debug|Any CPU
		{0873493C-C35E-42AC-A752-BD4D6DB7D66E}.Ad-Hoc|Any CPU.Build.0 = Debug|Any CPU
		{0873493C-C35E-42AC-A752-BD4D6DB7D66E}.Ad-Hoc|ARM.ActiveCfg = Debug|Any CPU
		{0873493C-C35E-42AC-A752-BD4D6DB7D66E}.Ad-Hoc|ARM.Build.0 = Debug|Any CPU
		{0873493C-C35E-42AC-A752-BD4D6DB7D66E}.Ad-Hoc|ARM64.ActiveCfg = Debug|Any CPU
		{0873493C-C35E-42AC-A752-BD4D6DB7D66E}.Ad-Hoc|ARM64.Build.0 = Debug|Any CPU
		{0873493C-C35E-42AC-A752-BD4D6DB7D66E}.Ad-Hoc|iPhone.ActiveCfg = Debug|Any CPU
		{0873493C-C35E-42AC-A752-BD4D6DB7D66E}.Ad-Hoc|iPhone.Build.0 = Debug|Any CPU
		{0873493C-C35E-42AC-A752-BD4D6DB7D66E}.Ad-Hoc|iPhoneSimulator.ActiveCfg = Debug|Any CPU
		{0873493C-C35E-42AC-A752-BD4D6DB7D66E}.Ad-Hoc|iPhoneSimulator.Build.0 = Debug|Any CPU
		{0873493C-C35E-42AC-A752-BD4D6DB7D66E}.Ad-Hoc|x64.ActiveCfg = Debug|Any CPU
		{0873493C-C35E-42AC-A752-BD4D6DB7D66E}.Ad-Hoc|x64.Build.0 = Debug|Any CPU
		{0873493C-C35E-42AC-A752-BD4D6DB7D66E}.Ad-Hoc|x86.ActiveCfg = Debug|Any CPU
		{0873493C-C35E-42AC-A752-BD4D6DB7D66E}.Ad-Hoc|x86.Build.0 = Debug|Any CPU
		{0873493C-C35E-42AC-A752-BD4D6DB7D66E}.AppStore|Any CPU.ActiveCfg = Debug|Any CPU
		{0873493C-C35E-42AC-A752-BD4D6DB7D66E}.AppStore|Any CPU.Build.0 = Debug|Any CPU
		{0873493C-C35E-42AC-A752-BD4D6DB7D66E}.AppStore|ARM.ActiveCfg = Debug|Any CPU
		{0873493C-C35E-42AC-A752-BD4D6DB7D66E}.AppStore|ARM.Build.0 = Debug|Any CPU
		{0873493C-C35E-42AC-A752-BD4D6DB7D66E}.AppStore|ARM64.ActiveCfg = Debug|Any CPU
		{0873493C-C35E-42AC-A752-BD4D6DB7D66E}.AppStore|ARM64.Build.0 = Debug|Any CPU
		{0873493C-C35E-42AC-A752-BD4D6DB7D66E}.AppStore|iPhone.ActiveCfg = Debug|Any CPU
		{0873493C-C35E-42AC-A752-BD4D6DB7D66E}.AppStore|iPhone.Build.0 = Debug|Any CPU
		{0873493C-C35E-42AC-A752-BD4D6DB7D66E}.AppStore|iPhoneSimulator.ActiveCfg = Debug|Any CPU
		{0873493C-C35E-42AC-A752-BD4D6DB7D66E}.AppStore|iPhoneSimulator.Build.0 = Debug|Any CPU
		{0873493C-C35E-42AC-A752-BD4D6DB7D66E}.AppStore|x64.ActiveCfg = Debug|Any CPU
		{0873493C-C35E-42AC-A752-BD4D6DB7D66E}.AppStore|x64.Build.0 = Debug|Any CPU
		{0873493C-C35E-42AC-A752-BD4D6DB7D66E}.AppStore|x86.ActiveCfg = Debug|Any CPU
		{0873493C-C35E-42AC-A752-BD4D6DB7D66E}.AppStore|x86.Build.0 = Debug|Any CPU
		{0873493C-C35E-42AC-A752-BD4D6DB7D66E}.Debug|Any CPU.ActiveCfg = Debug|Any CPU
		{0873493C-C35E-42AC-A752-BD4D6DB7D66E}.Debug|Any CPU.Build.0 = Debug|Any CPU
		{0873493C-C35E-42AC-A752-BD4D6DB7D66E}.Debug|ARM.ActiveCfg = Debug|Any CPU
		{0873493C-C35E-42AC-A752-BD4D6DB7D66E}.Debug|ARM.Build.0 = Debug|Any CPU
		{0873493C-C35E-42AC-A752-BD4D6DB7D66E}.Debug|ARM64.ActiveCfg = Debug|Any CPU
		{0873493C-C35E-42AC-A752-BD4D6DB7D66E}.Debug|ARM64.Build.0 = Debug|Any CPU
		{0873493C-C35E-42AC-A752-BD4D6DB7D66E}.Debug|iPhone.ActiveCfg = Debug|Any CPU
		{0873493C-C35E-42AC-A752-BD4D6DB7D66E}.Debug|iPhone.Build.0 = Debug|Any CPU
		{0873493C-C35E-42AC-A752-BD4D6DB7D66E}.Debug|iPhoneSimulator.ActiveCfg = Debug|Any CPU
		{0873493C-C35E-42AC-A752-BD4D6DB7D66E}.Debug|iPhoneSimulator.Build.0 = Debug|Any CPU
		{0873493C-C35E-42AC-A752-BD4D6DB7D66E}.Debug|x64.ActiveCfg = Debug|Any CPU
		{0873493C-C35E-42AC-A752-BD4D6DB7D66E}.Debug|x64.Build.0 = Debug|Any CPU
		{0873493C-C35E-42AC-A752-BD4D6DB7D66E}.Debug|x86.ActiveCfg = Debug|Any CPU
		{0873493C-C35E-42AC-A752-BD4D6DB7D66E}.Debug|x86.Build.0 = Debug|Any CPU
		{0873493C-C35E-42AC-A752-BD4D6DB7D66E}.Release|Any CPU.ActiveCfg = Release|Any CPU
		{0873493C-C35E-42AC-A752-BD4D6DB7D66E}.Release|Any CPU.Build.0 = Release|Any CPU
		{0873493C-C35E-42AC-A752-BD4D6DB7D66E}.Release|ARM.ActiveCfg = Release|Any CPU
		{0873493C-C35E-42AC-A752-BD4D6DB7D66E}.Release|ARM.Build.0 = Release|Any CPU
		{0873493C-C35E-42AC-A752-BD4D6DB7D66E}.Release|ARM64.ActiveCfg = Release|Any CPU
		{0873493C-C35E-42AC-A752-BD4D6DB7D66E}.Release|ARM64.Build.0 = Release|Any CPU
		{0873493C-C35E-42AC-A752-BD4D6DB7D66E}.Release|iPhone.ActiveCfg = Release|Any CPU
		{0873493C-C35E-42AC-A752-BD4D6DB7D66E}.Release|iPhone.Build.0 = Release|Any CPU
		{0873493C-C35E-42AC-A752-BD4D6DB7D66E}.Release|iPhoneSimulator.ActiveCfg = Release|Any CPU
		{0873493C-C35E-42AC-A752-BD4D6DB7D66E}.Release|iPhoneSimulator.Build.0 = Release|Any CPU
		{0873493C-C35E-42AC-A752-BD4D6DB7D66E}.Release|x64.ActiveCfg = Release|Any CPU
		{0873493C-C35E-42AC-A752-BD4D6DB7D66E}.Release|x64.Build.0 = Release|Any CPU
		{0873493C-C35E-42AC-A752-BD4D6DB7D66E}.Release|x86.ActiveCfg = Release|Any CPU
		{0873493C-C35E-42AC-A752-BD4D6DB7D66E}.Release|x86.Build.0 = Release|Any CPU
		{56178D3B-1006-4C0C-B79C-B25EB0708FF1}.Ad-Hoc|Any CPU.ActiveCfg = Debug|Any CPU
		{56178D3B-1006-4C0C-B79C-B25EB0708FF1}.Ad-Hoc|Any CPU.Build.0 = Debug|Any CPU
		{56178D3B-1006-4C0C-B79C-B25EB0708FF1}.Ad-Hoc|ARM.ActiveCfg = Debug|Any CPU
		{56178D3B-1006-4C0C-B79C-B25EB0708FF1}.Ad-Hoc|ARM.Build.0 = Debug|Any CPU
		{56178D3B-1006-4C0C-B79C-B25EB0708FF1}.Ad-Hoc|ARM64.ActiveCfg = Debug|Any CPU
		{56178D3B-1006-4C0C-B79C-B25EB0708FF1}.Ad-Hoc|ARM64.Build.0 = Debug|Any CPU
		{56178D3B-1006-4C0C-B79C-B25EB0708FF1}.Ad-Hoc|iPhone.ActiveCfg = Debug|Any CPU
		{56178D3B-1006-4C0C-B79C-B25EB0708FF1}.Ad-Hoc|iPhone.Build.0 = Debug|Any CPU
		{56178D3B-1006-4C0C-B79C-B25EB0708FF1}.Ad-Hoc|iPhoneSimulator.ActiveCfg = Debug|Any CPU
		{56178D3B-1006-4C0C-B79C-B25EB0708FF1}.Ad-Hoc|iPhoneSimulator.Build.0 = Debug|Any CPU
		{56178D3B-1006-4C0C-B79C-B25EB0708FF1}.Ad-Hoc|x64.ActiveCfg = Debug|Any CPU
		{56178D3B-1006-4C0C-B79C-B25EB0708FF1}.Ad-Hoc|x64.Build.0 = Debug|Any CPU
		{56178D3B-1006-4C0C-B79C-B25EB0708FF1}.Ad-Hoc|x86.ActiveCfg = Debug|Any CPU
		{56178D3B-1006-4C0C-B79C-B25EB0708FF1}.Ad-Hoc|x86.Build.0 = Debug|Any CPU
		{56178D3B-1006-4C0C-B79C-B25EB0708FF1}.AppStore|Any CPU.ActiveCfg = Debug|Any CPU
		{56178D3B-1006-4C0C-B79C-B25EB0708FF1}.AppStore|Any CPU.Build.0 = Debug|Any CPU
		{56178D3B-1006-4C0C-B79C-B25EB0708FF1}.AppStore|ARM.ActiveCfg = Debug|Any CPU
		{56178D3B-1006-4C0C-B79C-B25EB0708FF1}.AppStore|ARM.Build.0 = Debug|Any CPU
		{56178D3B-1006-4C0C-B79C-B25EB0708FF1}.AppStore|ARM64.ActiveCfg = Debug|Any CPU
		{56178D3B-1006-4C0C-B79C-B25EB0708FF1}.AppStore|ARM64.Build.0 = Debug|Any CPU
		{56178D3B-1006-4C0C-B79C-B25EB0708FF1}.AppStore|iPhone.ActiveCfg = Debug|Any CPU
		{56178D3B-1006-4C0C-B79C-B25EB0708FF1}.AppStore|iPhone.Build.0 = Debug|Any CPU
		{56178D3B-1006-4C0C-B79C-B25EB0708FF1}.AppStore|iPhoneSimulator.ActiveCfg = Debug|Any CPU
		{56178D3B-1006-4C0C-B79C-B25EB0708FF1}.AppStore|iPhoneSimulator.Build.0 = Debug|Any CPU
		{56178D3B-1006-4C0C-B79C-B25EB0708FF1}.AppStore|x64.ActiveCfg = Debug|Any CPU
		{56178D3B-1006-4C0C-B79C-B25EB0708FF1}.AppStore|x64.Build.0 = Debug|Any CPU
		{56178D3B-1006-4C0C-B79C-B25EB0708FF1}.AppStore|x86.ActiveCfg = Debug|Any CPU
		{56178D3B-1006-4C0C-B79C-B25EB0708FF1}.AppStore|x86.Build.0 = Debug|Any CPU
		{56178D3B-1006-4C0C-B79C-B25EB0708FF1}.Debug|Any CPU.ActiveCfg = Debug|Any CPU
		{56178D3B-1006-4C0C-B79C-B25EB0708FF1}.Debug|Any CPU.Build.0 = Debug|Any CPU
		{56178D3B-1006-4C0C-B79C-B25EB0708FF1}.Debug|ARM.ActiveCfg = Debug|Any CPU
		{56178D3B-1006-4C0C-B79C-B25EB0708FF1}.Debug|ARM.Build.0 = Debug|Any CPU
		{56178D3B-1006-4C0C-B79C-B25EB0708FF1}.Debug|ARM64.ActiveCfg = Debug|Any CPU
		{56178D3B-1006-4C0C-B79C-B25EB0708FF1}.Debug|ARM64.Build.0 = Debug|Any CPU
		{56178D3B-1006-4C0C-B79C-B25EB0708FF1}.Debug|iPhone.ActiveCfg = Debug|Any CPU
		{56178D3B-1006-4C0C-B79C-B25EB0708FF1}.Debug|iPhone.Build.0 = Debug|Any CPU
		{56178D3B-1006-4C0C-B79C-B25EB0708FF1}.Debug|iPhoneSimulator.ActiveCfg = Debug|Any CPU
		{56178D3B-1006-4C0C-B79C-B25EB0708FF1}.Debug|iPhoneSimulator.Build.0 = Debug|Any CPU
		{56178D3B-1006-4C0C-B79C-B25EB0708FF1}.Debug|x64.ActiveCfg = Debug|Any CPU
		{56178D3B-1006-4C0C-B79C-B25EB0708FF1}.Debug|x64.Build.0 = Debug|Any CPU
		{56178D3B-1006-4C0C-B79C-B25EB0708FF1}.Debug|x86.ActiveCfg = Debug|Any CPU
		{56178D3B-1006-4C0C-B79C-B25EB0708FF1}.Debug|x86.Build.0 = Debug|Any CPU
		{56178D3B-1006-4C0C-B79C-B25EB0708FF1}.Release|Any CPU.ActiveCfg = Release|Any CPU
		{56178D3B-1006-4C0C-B79C-B25EB0708FF1}.Release|Any CPU.Build.0 = Release|Any CPU
		{56178D3B-1006-4C0C-B79C-B25EB0708FF1}.Release|ARM.ActiveCfg = Release|Any CPU
		{56178D3B-1006-4C0C-B79C-B25EB0708FF1}.Release|ARM.Build.0 = Release|Any CPU
		{56178D3B-1006-4C0C-B79C-B25EB0708FF1}.Release|ARM64.ActiveCfg = Release|Any CPU
		{56178D3B-1006-4C0C-B79C-B25EB0708FF1}.Release|ARM64.Build.0 = Release|Any CPU
		{56178D3B-1006-4C0C-B79C-B25EB0708FF1}.Release|iPhone.ActiveCfg = Release|Any CPU
		{56178D3B-1006-4C0C-B79C-B25EB0708FF1}.Release|iPhone.Build.0 = Release|Any CPU
		{56178D3B-1006-4C0C-B79C-B25EB0708FF1}.Release|iPhoneSimulator.ActiveCfg = Release|Any CPU
		{56178D3B-1006-4C0C-B79C-B25EB0708FF1}.Release|iPhoneSimulator.Build.0 = Release|Any CPU
		{56178D3B-1006-4C0C-B79C-B25EB0708FF1}.Release|x64.ActiveCfg = Release|Any CPU
		{56178D3B-1006-4C0C-B79C-B25EB0708FF1}.Release|x64.Build.0 = Release|Any CPU
		{56178D3B-1006-4C0C-B79C-B25EB0708FF1}.Release|x86.ActiveCfg = Release|Any CPU
		{56178D3B-1006-4C0C-B79C-B25EB0708FF1}.Release|x86.Build.0 = Release|Any CPU
		{21E76A15-7436-4436-9DA8-91A4D64F0D4C}.Ad-Hoc|Any CPU.ActiveCfg = Debug|Any CPU
		{21E76A15-7436-4436-9DA8-91A4D64F0D4C}.Ad-Hoc|Any CPU.Build.0 = Debug|Any CPU
		{21E76A15-7436-4436-9DA8-91A4D64F0D4C}.Ad-Hoc|ARM.ActiveCfg = Debug|Any CPU
		{21E76A15-7436-4436-9DA8-91A4D64F0D4C}.Ad-Hoc|ARM.Build.0 = Debug|Any CPU
		{21E76A15-7436-4436-9DA8-91A4D64F0D4C}.Ad-Hoc|ARM64.ActiveCfg = Debug|Any CPU
		{21E76A15-7436-4436-9DA8-91A4D64F0D4C}.Ad-Hoc|ARM64.Build.0 = Debug|Any CPU
		{21E76A15-7436-4436-9DA8-91A4D64F0D4C}.Ad-Hoc|iPhone.ActiveCfg = Debug|Any CPU
		{21E76A15-7436-4436-9DA8-91A4D64F0D4C}.Ad-Hoc|iPhone.Build.0 = Debug|Any CPU
		{21E76A15-7436-4436-9DA8-91A4D64F0D4C}.Ad-Hoc|iPhoneSimulator.ActiveCfg = Debug|Any CPU
		{21E76A15-7436-4436-9DA8-91A4D64F0D4C}.Ad-Hoc|iPhoneSimulator.Build.0 = Debug|Any CPU
		{21E76A15-7436-4436-9DA8-91A4D64F0D4C}.Ad-Hoc|x64.ActiveCfg = Debug|Any CPU
		{21E76A15-7436-4436-9DA8-91A4D64F0D4C}.Ad-Hoc|x64.Build.0 = Debug|Any CPU
		{21E76A15-7436-4436-9DA8-91A4D64F0D4C}.Ad-Hoc|x86.ActiveCfg = Debug|Any CPU
		{21E76A15-7436-4436-9DA8-91A4D64F0D4C}.Ad-Hoc|x86.Build.0 = Debug|Any CPU
		{21E76A15-7436-4436-9DA8-91A4D64F0D4C}.AppStore|Any CPU.ActiveCfg = Debug|Any CPU
		{21E76A15-7436-4436-9DA8-91A4D64F0D4C}.AppStore|Any CPU.Build.0 = Debug|Any CPU
		{21E76A15-7436-4436-9DA8-91A4D64F0D4C}.AppStore|ARM.ActiveCfg = Debug|Any CPU
		{21E76A15-7436-4436-9DA8-91A4D64F0D4C}.AppStore|ARM.Build.0 = Debug|Any CPU
		{21E76A15-7436-4436-9DA8-91A4D64F0D4C}.AppStore|ARM64.ActiveCfg = Debug|Any CPU
		{21E76A15-7436-4436-9DA8-91A4D64F0D4C}.AppStore|ARM64.Build.0 = Debug|Any CPU
		{21E76A15-7436-4436-9DA8-91A4D64F0D4C}.AppStore|iPhone.ActiveCfg = Debug|Any CPU
		{21E76A15-7436-4436-9DA8-91A4D64F0D4C}.AppStore|iPhone.Build.0 = Debug|Any CPU
		{21E76A15-7436-4436-9DA8-91A4D64F0D4C}.AppStore|iPhoneSimulator.ActiveCfg = Debug|Any CPU
		{21E76A15-7436-4436-9DA8-91A4D64F0D4C}.AppStore|iPhoneSimulator.Build.0 = Debug|Any CPU
		{21E76A15-7436-4436-9DA8-91A4D64F0D4C}.AppStore|x64.ActiveCfg = Debug|Any CPU
		{21E76A15-7436-4436-9DA8-91A4D64F0D4C}.AppStore|x64.Build.0 = Debug|Any CPU
		{21E76A15-7436-4436-9DA8-91A4D64F0D4C}.AppStore|x86.ActiveCfg = Debug|Any CPU
		{21E76A15-7436-4436-9DA8-91A4D64F0D4C}.AppStore|x86.Build.0 = Debug|Any CPU
		{21E76A15-7436-4436-9DA8-91A4D64F0D4C}.Debug|Any CPU.ActiveCfg = Debug|Any CPU
		{21E76A15-7436-4436-9DA8-91A4D64F0D4C}.Debug|Any CPU.Build.0 = Debug|Any CPU
		{21E76A15-7436-4436-9DA8-91A4D64F0D4C}.Debug|ARM.ActiveCfg = Debug|Any CPU
		{21E76A15-7436-4436-9DA8-91A4D64F0D4C}.Debug|ARM.Build.0 = Debug|Any CPU
		{21E76A15-7436-4436-9DA8-91A4D64F0D4C}.Debug|ARM64.ActiveCfg = Debug|Any CPU
		{21E76A15-7436-4436-9DA8-91A4D64F0D4C}.Debug|ARM64.Build.0 = Debug|Any CPU
		{21E76A15-7436-4436-9DA8-91A4D64F0D4C}.Debug|iPhone.ActiveCfg = Debug|Any CPU
		{21E76A15-7436-4436-9DA8-91A4D64F0D4C}.Debug|iPhone.Build.0 = Debug|Any CPU
		{21E76A15-7436-4436-9DA8-91A4D64F0D4C}.Debug|iPhoneSimulator.ActiveCfg = Debug|Any CPU
		{21E76A15-7436-4436-9DA8-91A4D64F0D4C}.Debug|iPhoneSimulator.Build.0 = Debug|Any CPU
		{21E76A15-7436-4436-9DA8-91A4D64F0D4C}.Debug|x64.ActiveCfg = Debug|Any CPU
		{21E76A15-7436-4436-9DA8-91A4D64F0D4C}.Debug|x64.Build.0 = Debug|Any CPU
		{21E76A15-7436-4436-9DA8-91A4D64F0D4C}.Debug|x86.ActiveCfg = Debug|Any CPU
		{21E76A15-7436-4436-9DA8-91A4D64F0D4C}.Debug|x86.Build.0 = Debug|Any CPU
		{21E76A15-7436-4436-9DA8-91A4D64F0D4C}.Release|Any CPU.ActiveCfg = Release|Any CPU
		{21E76A15-7436-4436-9DA8-91A4D64F0D4C}.Release|Any CPU.Build.0 = Release|Any CPU
		{21E76A15-7436-4436-9DA8-91A4D64F0D4C}.Release|ARM.ActiveCfg = Release|Any CPU
		{21E76A15-7436-4436-9DA8-91A4D64F0D4C}.Release|ARM.Build.0 = Release|Any CPU
		{21E76A15-7436-4436-9DA8-91A4D64F0D4C}.Release|ARM64.ActiveCfg = Release|Any CPU
		{21E76A15-7436-4436-9DA8-91A4D64F0D4C}.Release|ARM64.Build.0 = Release|Any CPU
		{21E76A15-7436-4436-9DA8-91A4D64F0D4C}.Release|iPhone.ActiveCfg = Release|Any CPU
		{21E76A15-7436-4436-9DA8-91A4D64F0D4C}.Release|iPhone.Build.0 = Release|Any CPU
		{21E76A15-7436-4436-9DA8-91A4D64F0D4C}.Release|iPhoneSimulator.ActiveCfg = Release|Any CPU
		{21E76A15-7436-4436-9DA8-91A4D64F0D4C}.Release|iPhoneSimulator.Build.0 = Release|Any CPU
		{21E76A15-7436-4436-9DA8-91A4D64F0D4C}.Release|x64.ActiveCfg = Release|Any CPU
		{21E76A15-7436-4436-9DA8-91A4D64F0D4C}.Release|x64.Build.0 = Release|Any CPU
		{21E76A15-7436-4436-9DA8-91A4D64F0D4C}.Release|x86.ActiveCfg = Release|Any CPU
		{21E76A15-7436-4436-9DA8-91A4D64F0D4C}.Release|x86.Build.0 = Release|Any CPU
	EndGlobalSection
	GlobalSection(SolutionProperties) = preSolution
		HideSolutionNode = FALSE
	EndGlobalSection
	GlobalSection(ExtensibilityGlobals) = postSolution
		SolutionGuid = {9BE87F5C-6BC1-4E09-A44D-F0EEA8836B96}
	EndGlobalSection
	GlobalSection(SharedMSBuildProjectFiles) = preSolution
		UnoAppX\UnoAppX.Shared\UnoAppX.Shared.projitems*{0211f38e-75de-4c2e-8f3a-d5b2117c6c0e}*SharedItemsImports = 4
		UnoAppX\UnoAppX.Shared\UnoAppX.Shared.projitems*{1a6ff272-5b1f-4ece-ac8c-08e7f76a7728}*SharedItemsImports = 4
		UnoAppX\UnoAppX.Shared\UnoAppX.Shared.projitems*{21e76a15-7436-4436-9da8-91a4d64f0d4c}*SharedItemsImports = 5
		UnoAppX\UnoAppX.Shared\UnoAppX.Shared.projitems*{56178d3b-1006-4c0c-b79c-b25eb0708ff1}*SharedItemsImports = 5
		UnoAppX\UnoAppX.Shared\UnoAppX.Shared.projitems*{6279c845-92f8-4333-ab99-3d213163593c}*SharedItemsImports = 13
		UnoAppX\UnoAppX.Shared\UnoAppX.Shared.projitems*{7f076536-e771-478c-9e96-8bc7617c5228}*SharedItemsImports = 5
		UnoAppX\UnoAppX.Shared\UnoAppX.Shared.projitems*{d79f761e-a5f7-4a67-b52d-53f12d1bad1c}*SharedItemsImports = 4
		UnoAppX\UnoAppX.Shared\UnoAppX.Shared.projitems*{e3c064da-74a9-459b-87f3-84eb672637c9}*SharedItemsImports = 5
		UnoAppX\UnoAppX.Shared\UnoAppX.Shared.projitems*{ee245e16-91f2-4d80-b4e0-887a5b05fc53}*SharedItemsImports = 4
	EndGlobalSection
EndGlobal
